// !$*UTF8*$!
{
	archiveVersion = 1;
	classes = {
	};
	objectVersion = 55;
	objects = {

/* Begin PBXBuildFile section */
		5F85047C28F4E4B4000AE2EA /* SimpleAppApp.swift in Sources */ = {isa = PBXBuildFile; fileRef = 5F85047B28F4E4B4000AE2EA /* SimpleAppApp.swift */; };
		5F85047E28F4E4B4000AE2EA /* ContentView.swift in Sources */ = {isa = PBXBuildFile; fileRef = 5F85047D28F4E4B4000AE2EA /* ContentView.swift */; };
		5F85048028F4E4BB000AE2EA /* Assets.xcassets in Resources */ = {isa = PBXBuildFile; fileRef = 5F85047F28F4E4BB000AE2EA /* Assets.xcassets */; };
		5F85048328F4E4BB000AE2EA /* Preview Assets.xcassets in Resources */ = {isa = PBXBuildFile; fileRef = 5F85048228F4E4BB000AE2EA /* Preview Assets.xcassets */; };
		5F85048E28F4E4BB000AE2EA /* SimpleAppTests.swift in Sources */ = {isa = PBXBuildFile; fileRef = 5F85048D28F4E4BB000AE2EA /* SimpleAppTests.swift */; };
		5F85049828F4E4BC000AE2EA /* SimpleAppUITests.swift in Sources */ = {isa = PBXBuildFile; fileRef = 5F85049728F4E4BC000AE2EA /* SimpleAppUITests.swift */; };
		5F85049A28F4E4BC000AE2EA /* SimpleAppUITestsLaunchTests.swift in Sources */ = {isa = PBXBuildFile; fileRef = 5F85049928F4E4BC000AE2EA /* SimpleAppUITestsLaunchTests.swift */; };
/* End PBXBuildFile section */

/* Begin PBXContainerItemProxy section */
		5F85048A28F4E4BB000AE2EA /* PBXContainerItemProxy */ = {
			isa = PBXContainerItemProxy;
			containerPortal = 5F85047028F4E4B4000AE2EA /* Project object */;
			proxyType = 1;
			remoteGlobalIDString = 5F85047728F4E4B4000AE2EA;
			remoteInfo = SimpleApp;
		};
		5F85049428F4E4BC000AE2EA /* PBXContainerItemProxy */ = {
			isa = PBXContainerItemProxy;
			containerPortal = 5F85047028F4E4B4000AE2EA /* Project object */;
			proxyType = 1;
			remoteGlobalIDString = 5F85047728F4E4B4000AE2EA;
			remoteInfo = SimpleApp;
		};
/* End PBXContainerItemProxy section */

/* Begin PBXFileReference section */
		5F85047828F4E4B4000AE2EA /* SimpleApp.app */ = {isa = PBXFileReference; explicitFileType = wrapper.application; includeInIndex = 0; path = SimpleApp.app; sourceTree = BUILT_PRODUCTS_DIR; };
		5F85047B28F4E4B4000AE2EA /* SimpleAppApp.swift */ = {isa = PBXFileReference; lastKnownFileType = sourcecode.swift; path = SimpleAppApp.swift; sourceTree = "<group>"; };
		5F85047D28F4E4B4000AE2EA /* ContentView.swift */ = {isa = PBXFileReference; lastKnownFileType = sourcecode.swift; path = ContentView.swift; sourceTree = "<group>"; };
		5F85047F28F4E4BB000AE2EA /* Assets.xcassets */ = {isa = PBXFileReference; lastKnownFileType = folder.assetcatalog; path = Assets.xcassets; sourceTree = "<group>"; };
		5F85048228F4E4BB000AE2EA /* Preview Assets.xcassets */ = {isa = PBXFileReference; lastKnownFileType = folder.assetcatalog; path = "Preview Assets.xcassets"; sourceTree = "<group>"; };
		5F85048428F4E4BB000AE2EA /* SimpleApp.entitlements */ = {isa = PBXFileReference; lastKnownFileType = text.plist.entitlements; path = SimpleApp.entitlements; sourceTree = "<group>"; };
		5F85048928F4E4BB000AE2EA /* SimpleAppTests.xctest */ = {isa = PBXFileReference; explicitFileType = wrapper.cfbundle; includeInIndex = 0; path = SimpleAppTests.xctest; sourceTree = BUILT_PRODUCTS_DIR; };
		5F85048D28F4E4BB000AE2EA /* SimpleAppTests.swift */ = {isa = PBXFileReference; lastKnownFileType = sourcecode.swift; path = SimpleAppTests.swift; sourceTree = "<group>"; };
		5F85049328F4E4BC000AE2EA /* SimpleAppUITests.xctest */ = {isa = PBXFileReference; explicitFileType = wrapper.cfbundle; includeInIndex = 0; path = SimpleAppUITests.xctest; sourceTree = BUILT_PRODUCTS_DIR; };
		5F85049728F4E4BC000AE2EA /* SimpleAppUITests.swift */ = {isa = PBXFileReference; lastKnownFileType = sourcecode.swift; path = SimpleAppUITests.swift; sourceTree = "<group>"; };
		5F85049928F4E4BC000AE2EA /* SimpleAppUITestsLaunchTests.swift */ = {isa = PBXFileReference; lastKnownFileType = sourcecode.swift; path = SimpleAppUITestsLaunchTests.swift; sourceTree = "<group>"; };
/* End PBXFileReference section */

/* Begin PBXFrameworksBuildPhase section */
		5F85047528F4E4B4000AE2EA /* Frameworks */ = {
			isa = PBXFrameworksBuildPhase;
			buildActionMask = 2147483647;
			files = (
			);
			runOnlyForDeploymentPostprocessing = 0;
		};
		5F85048628F4E4BB000AE2EA /* Frameworks */ = {
			isa = PBXFrameworksBuildPhase;
			buildActionMask = 2147483647;
			files = (
			);
			runOnlyForDeploymentPostprocessing = 0;
		};
		5F85049028F4E4BC000AE2EA /* Frameworks */ = {
			isa = PBXFrameworksBuildPhase;
			buildActionMask = 2147483647;
			files = (
			);
			runOnlyForDeploymentPostprocessing = 0;
		};
/* End PBXFrameworksBuildPhase section */

/* Begin PBXGroup section */
		5F85046F28F4E4B4000AE2EA = {
			isa = PBXGroup;
			children = (
				5F85047A28F4E4B4000AE2EA /* SimpleApp */,
				5F85048C28F4E4BB000AE2EA /* SimpleAppTests */,
				5F85049628F4E4BC000AE2EA /* SimpleAppUITests */,
				5F85047928F4E4B4000AE2EA /* Products */,
			);
			sourceTree = "<group>";
		};
		5F85047928F4E4B4000AE2EA /* Products */ = {
			isa = PBXGroup;
			children = (
				5F85047828F4E4B4000AE2EA /* SimpleApp.app */,
				5F85048928F4E4BB000AE2EA /* SimpleAppTests.xctest */,
				5F85049328F4E4BC000AE2EA /* SimpleAppUITests.xctest */,
			);
			name = Products;
			sourceTree = "<group>";
		};
		5F85047A28F4E4B4000AE2EA /* SimpleApp */ = {
			isa = PBXGroup;
			children = (
				5F85047B28F4E4B4000AE2EA /* SimpleAppApp.swift */,
				5F85047D28F4E4B4000AE2EA /* ContentView.swift */,
				5F85047F28F4E4BB000AE2EA /* Assets.xcassets */,
				5F85048428F4E4BB000AE2EA /* SimpleApp.entitlements */,
				5F85048128F4E4BB000AE2EA /* Preview Content */,
			);
			path = SimpleApp;
			sourceTree = "<group>";
		};
		5F85048128F4E4BB000AE2EA /* Preview Content */ = {
			isa = PBXGroup;
			children = (
				5F85048228F4E4BB000AE2EA /* Preview Assets.xcassets */,
			);
			path = "Preview Content";
			sourceTree = "<group>";
		};
		5F85048C28F4E4BB000AE2EA /* SimpleAppTests */ = {
			isa = PBXGroup;
			children = (
				5F85048D28F4E4BB000AE2EA /* SimpleAppTests.swift */,
			);
			path = SimpleAppTests;
			sourceTree = "<group>";
		};
		5F85049628F4E4BC000AE2EA /* SimpleAppUITests */ = {
			isa = PBXGroup;
			children = (
				5F85049728F4E4BC000AE2EA /* SimpleAppUITests.swift */,
				5F85049928F4E4BC000AE2EA /* SimpleAppUITestsLaunchTests.swift */,
			);
			path = SimpleAppUITests;
			sourceTree = "<group>";
		};
/* End PBXGroup section */

/* Begin PBXNativeTarget section */
		5F85047728F4E4B4000AE2EA /* SimpleApp */ = {
			isa = PBXNativeTarget;
			buildConfigurationList = 5F85049D28F4E4BC000AE2EA /* Build configuration list for PBXNativeTarget "SimpleApp" */;
			buildPhases = (
				5F85047428F4E4B4000AE2EA /* Sources */,
				5F85047528F4E4B4000AE2EA /* Frameworks */,
				5F85047628F4E4B4000AE2EA /* Resources */,
			);
			buildRules = (
			);
			dependencies = (
			);
			name = SimpleApp;
			productName = SimpleApp;
			productReference = 5F85047828F4E4B4000AE2EA /* SimpleApp.app */;
			productType = "com.apple.product-type.application";
		};
		5F85048828F4E4BB000AE2EA /* SimpleAppTests */ = {
			isa = PBXNativeTarget;
			buildConfigurationList = 5F8504A028F4E4BC000AE2EA /* Build configuration list for PBXNativeTarget "SimpleAppTests" */;
			buildPhases = (
				5F85048528F4E4BB000AE2EA /* Sources */,
				5F85048628F4E4BB000AE2EA /* Frameworks */,
				5F85048728F4E4BB000AE2EA /* Resources */,
			);
			buildRules = (
			);
			dependencies = (
				5F85048B28F4E4BB000AE2EA /* PBXTargetDependency */,
			);
			name = SimpleAppTests;
			productName = SimpleAppTests;
			productReference = 5F85048928F4E4BB000AE2EA /* SimpleAppTests.xctest */;
			productType = "com.apple.product-type.bundle.unit-test";
		};
		5F85049228F4E4BC000AE2EA /* SimpleAppUITests */ = {
			isa = PBXNativeTarget;
			buildConfigurationList = 5F8504A328F4E4BC000AE2EA /* Build configuration list for PBXNativeTarget "SimpleAppUITests" */;
			buildPhases = (
				5F85048F28F4E4BC000AE2EA /* Sources */,
				5F85049028F4E4BC000AE2EA /* Frameworks */,
				5F85049128F4E4BC000AE2EA /* Resources */,
			);
			buildRules = (
			);
			dependencies = (
				5F85049528F4E4BC000AE2EA /* PBXTargetDependency */,
			);
			name = SimpleAppUITests;
			productName = SimpleAppUITests;
			productReference = 5F85049328F4E4BC000AE2EA /* SimpleAppUITests.xctest */;
			productType = "com.apple.product-type.bundle.ui-testing";
		};
/* End PBXNativeTarget section */

/* Begin PBXProject section */
		5F85047028F4E4B4000AE2EA /* Project object */ = {
			isa = PBXProject;
			attributes = {
				BuildIndependentTargetsInParallel = 1;
				LastSwiftUpdateCheck = 1340;
				LastUpgradeCheck = 1340;
				TargetAttributes = {
					5F85047728F4E4B4000AE2EA = {
						CreatedOnToolsVersion = 13.4.1;
					};
					5F85048828F4E4BB000AE2EA = {
						CreatedOnToolsVersion = 13.4.1;
						TestTargetID = 5F85047728F4E4B4000AE2EA;
					};
					5F85049228F4E4BC000AE2EA = {
						CreatedOnToolsVersion = 13.4.1;
						TestTargetID = 5F85047728F4E4B4000AE2EA;
					};
				};
			};
			buildConfigurationList = 5F85047328F4E4B4000AE2EA /* Build configuration list for PBXProject "SimpleApp" */;
			compatibilityVersion = "Xcode 13.0";
			developmentRegion = en;
			hasScannedForEncodings = 0;
			knownRegions = (
				en,
				Base,
			);
			mainGroup = 5F85046F28F4E4B4000AE2EA;
			productRefGroup = 5F85047928F4E4B4000AE2EA /* Products */;
			projectDirPath = "";
			projectRoot = "";
			targets = (
				5F85047728F4E4B4000AE2EA /* SimpleApp */,
				5F85048828F4E4BB000AE2EA /* SimpleAppTests */,
				5F85049228F4E4BC000AE2EA /* SimpleAppUITests */,
			);
		};
/* End PBXProject section */

/* Begin PBXResourcesBuildPhase section */
		5F85047628F4E4B4000AE2EA /* Resources */ = {
			isa = PBXResourcesBuildPhase;
			buildActionMask = 2147483647;
			files = (
				5F85048328F4E4BB000AE2EA /* Preview Assets.xcassets in Resources */,
				5F85048028F4E4BB000AE2EA /* Assets.xcassets in Resources */,
			);
			runOnlyForDeploymentPostprocessing = 0;
		};
		5F85048728F4E4BB000AE2EA /* Resources */ = {
			isa = PBXResourcesBuildPhase;
			buildActionMask = 2147483647;
			files = (
			);
			runOnlyForDeploymentPostprocessing = 0;
		};
		5F85049128F4E4BC000AE2EA /* Resources */ = {
			isa = PBXResourcesBuildPhase;
			buildActionMask = 2147483647;
			files = (
			);
			runOnlyForDeploymentPostprocessing = 0;
		};
/* End PBXResourcesBuildPhase section */

/* Begin PBXSourcesBuildPhase section */
		5F85047428F4E4B4000AE2EA /* Sources */ = {
			isa = PBXSourcesBuildPhase;
			buildActionMask = 2147483647;
			files = (
				5F85047E28F4E4B4000AE2EA /* ContentView.swift in Sources */,
				5F85047C28F4E4B4000AE2EA /* SimpleAppApp.swift in Sources */,
			);
			runOnlyForDeploymentPostprocessing = 0;
		};
		5F85048528F4E4BB000AE2EA /* Sources */ = {
			isa = PBXSourcesBuildPhase;
			buildActionMask = 2147483647;
			files = (
				5F85048E28F4E4BB000AE2EA /* SimpleAppTests.swift in Sources */,
			);
			runOnlyForDeploymentPostprocessing = 0;
		};
		5F85048F28F4E4BC000AE2EA /* Sources */ = {
			isa = PBXSourcesBuildPhase;
			buildActionMask = 2147483647;
			files = (
				5F85049A28F4E4BC000AE2EA /* SimpleAppUITestsLaunchTests.swift in Sources */,
				5F85049828F4E4BC000AE2EA /* SimpleAppUITests.swift in Sources */,
			);
			runOnlyForDeploymentPostprocessing = 0;
		};
/* End PBXSourcesBuildPhase section */

/* Begin PBXTargetDependency section */
		5F85048B28F4E4BB000AE2EA /* PBXTargetDependency */ = {
			isa = PBXTargetDependency;
			target = 5F85047728F4E4B4000AE2EA /* SimpleApp */;
			targetProxy = 5F85048A28F4E4BB000AE2EA /* PBXContainerItemProxy */;
		};
		5F85049528F4E4BC000AE2EA /* PBXTargetDependency */ = {
			isa = PBXTargetDependency;
			target = 5F85047728F4E4B4000AE2EA /* SimpleApp */;
			targetProxy = 5F85049428F4E4BC000AE2EA /* PBXContainerItemProxy */;
		};
/* End PBXTargetDependency section */

/* Begin XCBuildConfiguration section */
		5F85049B28F4E4BC000AE2EA /* Debug */ = {
			isa = XCBuildConfiguration;
			buildSettings = {
				ALWAYS_SEARCH_USER_PATHS = NO;
				CLANG_ANALYZER_NONNULL = YES;
				CLANG_ANALYZER_NUMBER_OBJECT_CONVERSION = YES_AGGRESSIVE;
				CLANG_CXX_LANGUAGE_STANDARD = "gnu++17";
				CLANG_ENABLE_MODULES = YES;
				CLANG_ENABLE_OBJC_ARC = YES;
				CLANG_ENABLE_OBJC_WEAK = YES;
				CLANG_WARN_BLOCK_CAPTURE_AUTORELEASING = YES;
				CLANG_WARN_BOOL_CONVERSION = YES;
				CLANG_WARN_COMMA = YES;
				CLANG_WARN_CONSTANT_CONVERSION = YES;
				CLANG_WARN_DEPRECATED_OBJC_IMPLEMENTATIONS = YES;
				CLANG_WARN_DIRECT_OBJC_ISA_USAGE = YES_ERROR;
				CLANG_WARN_DOCUMENTATION_COMMENTS = YES;
				CLANG_WARN_EMPTY_BODY = YES;
				CLANG_WARN_ENUM_CONVERSION = YES;
				CLANG_WARN_INFINITE_RECURSION = YES;
				CLANG_WARN_INT_CONVERSION = YES;
				CLANG_WARN_NON_LITERAL_NULL_CONVERSION = YES;
				CLANG_WARN_OBJC_IMPLICIT_RETAIN_SELF = YES;
				CLANG_WARN_OBJC_LITERAL_CONVERSION = YES;
				CLANG_WARN_OBJC_ROOT_CLASS = YES_ERROR;
				CLANG_WARN_QUOTED_INCLUDE_IN_FRAMEWORK_HEADER = YES;
				CLANG_WARN_RANGE_LOOP_ANALYSIS = YES;
				CLANG_WARN_STRICT_PROTOTYPES = YES;
				CLANG_WARN_SUSPICIOUS_MOVE = YES;
				CLANG_WARN_UNGUARDED_AVAILABILITY = YES_AGGRESSIVE;
				CLANG_WARN_UNREACHABLE_CODE = YES;
				CLANG_WARN__DUPLICATE_METHOD_MATCH = YES;
				COPY_PHASE_STRIP = NO;
				DEBUG_INFORMATION_FORMAT = dwarf;
				ENABLE_STRICT_OBJC_MSGSEND = YES;
				ENABLE_TESTABILITY = YES;
				GCC_C_LANGUAGE_STANDARD = gnu11;
				GCC_DYNAMIC_NO_PIC = NO;
				GCC_NO_COMMON_BLOCKS = YES;
				GCC_OPTIMIZATION_LEVEL = 0;
				GCC_PREPROCESSOR_DEFINITIONS = (
					"DEBUG=1",
					"$(inherited)",
				);
				GCC_WARN_64_TO_32_BIT_CONVERSION = YES;
				GCC_WARN_ABOUT_RETURN_TYPE = YES_ERROR;
				GCC_WARN_UNDECLARED_SELECTOR = YES;
				GCC_WARN_UNINITIALIZED_AUTOS = YES_AGGRESSIVE;
				GCC_WARN_UNUSED_FUNCTION = YES;
				GCC_WARN_UNUSED_VARIABLE = YES;
				MACOSX_DEPLOYMENT_TARGET = 12.2;
				MTL_ENABLE_DEBUG_INFO = INCLUDE_SOURCE;
				MTL_FAST_MATH = YES;
				ONLY_ACTIVE_ARCH = YES;
				SDKROOT = macosx;
				SWIFT_ACTIVE_COMPILATION_CONDITIONS = DEBUG;
				SWIFT_OPTIMIZATION_LEVEL = "-Onone";
			};
			name = Debug;
		};
		5F85049C28F4E4BC000AE2EA /* Release */ = {
			isa = XCBuildConfiguration;
			buildSettings = {
				ALWAYS_SEARCH_USER_PATHS = NO;
				CLANG_ANALYZER_NONNULL = YES;
				CLANG_ANALYZER_NUMBER_OBJECT_CONVERSION = YES_AGGRESSIVE;
				CLANG_CXX_LANGUAGE_STANDARD = "gnu++17";
				CLANG_ENABLE_MODULES = YES;
				CLANG_ENABLE_OBJC_ARC = YES;
				CLANG_ENABLE_OBJC_WEAK = YES;
				CLANG_WARN_BLOCK_CAPTURE_AUTORELEASING = YES;
				CLANG_WARN_BOOL_CONVERSION = YES;
				CLANG_WARN_COMMA = YES;
				CLANG_WARN_CONSTANT_CONVERSION = YES;
				CLANG_WARN_DEPRECATED_OBJC_IMPLEMENTATIONS = YES;
				CLANG_WARN_DIRECT_OBJC_ISA_USAGE = YES_ERROR;
				CLANG_WARN_DOCUMENTATION_COMMENTS = YES;
				CLANG_WARN_EMPTY_BODY = YES;
				CLANG_WARN_ENUM_CONVERSION = YES;
				CLANG_WARN_INFINITE_RECURSION = YES;
				CLANG_WARN_INT_CONVERSION = YES;
				CLANG_WARN_NON_LITERAL_NULL_CONVERSION = YES;
				CLANG_WARN_OBJC_IMPLICIT_RETAIN_SELF = YES;
				CLANG_WARN_OBJC_LITERAL_CONVERSION = YES;
				CLANG_WARN_OBJC_ROOT_CLASS = YES_ERROR;
				CLANG_WARN_QUOTED_INCLUDE_IN_FRAMEWORK_HEADER = YES;
				CLANG_WARN_RANGE_LOOP_ANALYSIS = YES;
				CLANG_WARN_STRICT_PROTOTYPES = YES;
				CLANG_WARN_SUSPICIOUS_MOVE = YES;
				CLANG_WARN_UNGUARDED_AVAILABILITY = YES_AGGRESSIVE;
				CLANG_WARN_UNREACHABLE_CODE = YES;
				CLANG_WARN__DUPLICATE_METHOD_MATCH = YES;
				COPY_PHASE_STRIP = NO;
				DEBUG_INFORMATION_FORMAT = "dwarf-with-dsym";
				ENABLE_NS_ASSERTIONS = NO;
				ENABLE_STRICT_OBJC_MSGSEND = YES;
				GCC_C_LANGUAGE_STANDARD = gnu11;
				GCC_NO_COMMON_BLOCKS = YES;
				GCC_WARN_64_TO_32_BIT_CONVERSION = YES;
				GCC_WARN_ABOUT_RETURN_TYPE = YES_ERROR;
				GCC_WARN_UNDECLARED_SELECTOR = YES;
				GCC_WARN_UNINITIALIZED_AUTOS = YES_AGGRESSIVE;
				GCC_WARN_UNUSED_FUNCTION = YES;
				GCC_WARN_UNUSED_VARIABLE = YES;
				MACOSX_DEPLOYMENT_TARGET = 12.2;
				MTL_ENABLE_DEBUG_INFO = NO;
				MTL_FAST_MATH = YES;
				SDKROOT = macosx;
				SWIFT_COMPILATION_MODE = wholemodule;
				SWIFT_OPTIMIZATION_LEVEL = "-O";
			};
			name = Release;
		};
		5F85049E28F4E4BC000AE2EA /* Debug */ = {
			isa = XCBuildConfiguration;
			buildSettings = {
				ASSETCATALOG_COMPILER_APPICON_NAME = AppIcon;
				ASSETCATALOG_COMPILER_GLOBAL_ACCENT_COLOR_NAME = AccentColor;
				CODE_SIGN_ENTITLEMENTS = SimpleApp/SimpleApp.entitlements;
				CODE_SIGN_STYLE = Automatic;
				COMBINE_HIDPI_IMAGES = YES;
				CURRENT_PROJECT_VERSION = 1;
				DEVELOPMENT_ASSET_PATHS = "\"SimpleApp/Preview Content\"";
				ENABLE_PREVIEWS = YES;
				GENERATE_INFOPLIST_FILE = YES;
				INFOPLIST_KEY_NSHumanReadableCopyright = "";
				LD_RUNPATH_SEARCH_PATHS = (
					"$(inherited)",
					"@executable_path/../Frameworks",
				);
				MARKETING_VERSION = 1.0;
				PRODUCT_BUNDLE_IDENTIFIER = Orton.SimpleApp;
				PRODUCT_NAME = "$(TARGET_NAME)";
				SWIFT_EMIT_LOC_STRINGS = YES;
				SWIFT_VERSION = 5.0;
			};
			name = Debug;
		};
		5F85049F28F4E4BC000AE2EA /* Release */ = {
			isa = XCBuildConfiguration;
			buildSettings = {
				ASSETCATALOG_COMPILER_APPICON_NAME = AppIcon;
				ASSETCATALOG_COMPILER_GLOBAL_ACCENT_COLOR_NAME = AccentColor;
				CODE_SIGN_ENTITLEMENTS = SimpleApp/SimpleApp.entitlements;
				CODE_SIGN_STYLE = Automatic;
				COMBINE_HIDPI_IMAGES = YES;
				CURRENT_PROJECT_VERSION = 1;
				DEVELOPMENT_ASSET_PATHS = "\"SimpleApp/Preview Content\"";
				ENABLE_PREVIEWS = YES;
				GENERATE_INFOPLIST_FILE = YES;
				INFOPLIST_KEY_NSHumanReadableCopyright = "";
				LD_RUNPATH_SEARCH_PATHS = (
					"$(inherited)",
					"@executable_path/../Frameworks",
				);
				MARKETING_VERSION = 1.0;
				PRODUCT_BUNDLE_IDENTIFIER = Orton.SimpleApp;
				PRODUCT_NAME = "$(TARGET_NAME)";
				SWIFT_EMIT_LOC_STRINGS = YES;
				SWIFT_VERSION = 5.0;
			};
			name = Release;
		};
		5F8504A128F4E4BC000AE2EA /* Debug */ = {
			isa = XCBuildConfiguration;
			buildSettings = {
				ALWAYS_EMBED_SWIFT_STANDARD_LIBRARIES = YES;
				BUNDLE_LOADER = "$(TEST_HOST)";
				CODE_SIGN_STYLE = Automatic;
				CURRENT_PROJECT_VERSION = 1;
				GENERATE_INFOPLIST_FILE = YES;
				MACOSX_DEPLOYMENT_TARGET = 12.2;
				MARKETING_VERSION = 1.0;
				PRODUCT_BUNDLE_IDENTIFIER = Orton.SimpleAppTests;
				PRODUCT_NAME = "$(TARGET_NAME)";
				SWIFT_EMIT_LOC_STRINGS = NO;
				SWIFT_VERSION = 5.0;
				TEST_HOST = "$(BUILT_PRODUCTS_DIR)/SimpleApp.app/Contents/MacOS/SimpleApp";
			};
			name = Debug;
		};
		5F8504A228F4E4BC000AE2EA /* Release */ = {
			isa = XCBuildConfiguration;
			buildSettings = {
				ALWAYS_EMBED_SWIFT_STANDARD_LIBRARIES = YES;
				BUNDLE_LOADER = "$(TEST_HOST)";
				CODE_SIGN_STYLE = Automatic;
				CURRENT_PROJECT_VERSION = 1;
				GENERATE_INFOPLIST_FILE = YES;
				MACOSX_DEPLOYMENT_TARGET = 12.2;
				MARKETING_VERSION = 1.0;
				PRODUCT_BUNDLE_IDENTIFIER = Orton.SimpleAppTests;
				PRODUCT_NAME = "$(TARGET_NAME)";
				SWIFT_EMIT_LOC_STRINGS = NO;
				SWIFT_VERSION = 5.0;
				TEST_HOST = "$(BUILT_PRODUCTS_DIR)/SimpleApp.app/Contents/MacOS/SimpleApp";
			};
			name = Release;
		};
		5F8504A428F4E4BC000AE2EA /* Debug */ = {
			isa = XCBuildConfiguration;
			buildSettings = {
				ALWAYS_EMBED_SWIFT_STANDARD_LIBRARIES = YES;
				CODE_SIGN_STYLE = Automatic;
				CURRENT_PROJECT_VERSION = 1;
				GENERATE_INFOPLIST_FILE = YES;
				MARKETING_VERSION = 1.0;
				PRODUCT_BUNDLE_IDENTIFIER = Orton.SimpleAppUITests;
				PRODUCT_NAME = "$(TARGET_NAME)";
				SWIFT_EMIT_LOC_STRINGS = NO;
				SWIFT_VERSION = 5.0;
				TEST_TARGET_NAME = SimpleApp;
			};
			name = Debug;
		};
		5F8504A528F4E4BC000AE2EA /* Release */ = {
			isa = XCBuildConfiguration;
			buildSettings = {
				ALWAYS_EMBED_SWIFT_STANDARD_LIBRARIES = YES;
				CODE_SIGN_STYLE = Automatic;
				CURRENT_PROJECT_VERSION = 1;
				GENERATE_INFOPLIST_FILE = YES;
				MARKETING_VERSION = 1.0;
				PRODUCT_BUNDLE_IDENTIFIER = Orton.SimpleAppUITests;
				PRODUCT_NAME = "$(TARGET_NAME)";
				SWIFT_EMIT_LOC_STRINGS = NO;
				SWIFT_VERSION = 5.0;
				TEST_TARGET_NAME = SimpleApp;
			};
			name = Release;
		};
/* End XCBuildConfiguration section */

/* Begin XCConfigurationList section */
		5F85047328F4E4B4000AE2EA /* Build configuration list for PBXProject "SimpleApp" */ = {
			isa = XCConfigurationList;
			buildConfigurations = (
				5F85049B28F4E4BC000AE2EA /* Debug */,
				5F85049C28F4E4BC000AE2EA /* Release */,
			);
			defaultConfigurationIsVisible = 0;
			defaultConfigurationName = Release;
		};
		5F85049D28F4E4BC000AE2EA /* Build configuration list for PBXNativeTarget "SimpleApp" */ = {
			isa = XCConfigurationList;
			buildConfigurations = (
				5F85049E28F4E4BC000AE2EA /* Debug */,
				5F85049F28F4E4BC000AE2EA /* Release */,
			);
			defaultConfigurationIsVisible = 0;
			defaultConfigurationName = Release;
		};
		5F8504A028F4E4BC000AE2EA /* Build configuration list for PBXNativeTarget "SimpleAppTests" */ = {
			isa = XCConfigurationList;
			buildConfigurations = (
				5F8504A128F4E4BC000AE2EA /* Debug */,
				5F8504A228F4E4BC000AE2EA /* Release */,
			);
			defaultConfigurationIsVisible = 0;
			defaultConfigurationName = Release;
		};
		5F8504A328F4E4BC000AE2EA /* Build configuration list for PBXNativeTarget "SimpleAppUITests" */ = {
			isa = XCConfigurationList;
			buildConfigurations = (
				5F8504A428F4E4BC000AE2EA /* Debug */,
				5F8504A528F4E4BC000AE2EA /* Release */,
			);
			defaultConfigurationIsVisible = 0;
			defaultConfigurationName = Release;
		};
/* End XCConfigurationList section */
	};
	rootObject = 5F85047028F4E4B4000AE2EA /* Project object */;
}
